// !$*UTF8*$!
{
	archiveVersion = 1;
	classes = {
	};
	objectVersion = 56;
	objects = {

/* Begin PBXBuildFile section */
		A90ABA9B2C183087000131DC /* BirinciView.swift in Sources */ = {isa = PBXBuildFile; fileRef = A90ABA9A2C183087000131DC /* BirinciView.swift */; };
		A90ABA9F2C1835B0000131DC /* IkinciView.swift in Sources */ = {isa = PBXBuildFile; fileRef = A90ABA9E2C1835B0000131DC /* IkinciView.swift */; };
		A90ABAA12C18397B000131DC /* YapilacakModeli.swift in Sources */ = {isa = PBXBuildFile; fileRef = A90ABAA02C18397B000131DC /* YapilacakModeli.swift */; };
		A90ABAA32C183C76000131DC /* YapilacakView.swift in Sources */ = {isa = PBXBuildFile; fileRef = A90ABAA22C183C76000131DC /* YapilacakView.swift */; };
		A90ABAA52C183DAD000131DC /* DetayView.swift in Sources */ = {isa = PBXBuildFile; fileRef = A90ABAA42C183DAD000131DC /* DetayView.swift */; };
		A90ABAA72C1853C4000131DC /* YapildiButtonu.swift in Sources */ = {isa = PBXBuildFile; fileRef = A90ABAA62C1853C4000131DC /* YapildiButtonu.swift */; };
		A935DE7F2BE66C72008C8A50 /* VerilerSwiftUIApp.swift in Sources */ = {isa = PBXBuildFile; fileRef = A935DE7E2BE66C72008C8A50 /* VerilerSwiftUIApp.swift */; };
		A935DE812BE66C72008C8A50 /* ContentView.swift in Sources */ = {isa = PBXBuildFile; fileRef = A935DE802BE66C72008C8A50 /* ContentView.swift */; };
		A935DE832BE66C75008C8A50 /* Assets.xcassets in Resources */ = {isa = PBXBuildFile; fileRef = A935DE822BE66C75008C8A50 /* Assets.xcassets */; };
		A935DE862BE66C75008C8A50 /* Preview Assets.xcassets in Resources */ = {isa = PBXBuildFile; fileRef = A935DE852BE66C75008C8A50 /* Preview Assets.xcassets */; };
/* End PBXBuildFile section */

/* Begin PBXFileReference section */
		A90ABA9A2C183087000131DC /* BirinciView.swift */ = {isa = PBXFileReference; lastKnownFileType = sourcecode.swift; path = BirinciView.swift; sourceTree = "<group>"; };
		A90ABA9E2C1835B0000131DC /* IkinciView.swift */ = {isa = PBXFileReference; lastKnownFileType = sourcecode.swift; path = IkinciView.swift; sourceTree = "<group>"; };
		A90ABAA02C18397B000131DC /* YapilacakModeli.swift */ = {isa = PBXFileReference; lastKnownFileType = sourcecode.swift; path = YapilacakModeli.swift; sourceTree = "<group>"; };
		A90ABAA22C183C76000131DC /* YapilacakView.swift */ = {isa = PBXFileReference; lastKnownFileType = sourcecode.swift; path = YapilacakView.swift; sourceTree = "<group>"; };
		A90ABAA42C183DAD000131DC /* DetayView.swift */ = {isa = PBXFileReference; lastKnownFileType = sourcecode.swift; path = DetayView.swift; sourceTree = "<group>"; };
		A90ABAA62C1853C4000131DC /* YapildiButtonu.swift */ = {isa = PBXFileReference; lastKnownFileType = sourcecode.swift; path = YapildiButtonu.swift; sourceTree = "<group>"; };
		A935DE7B2BE66C72008C8A50 /* VerilerSwiftUI.app */ = {isa = PBXFileReference; explicitFileType = wrapper.application; includeInIndex = 0; path = VerilerSwiftUI.app; sourceTree = BUILT_PRODUCTS_DIR; };
		A935DE7E2BE66C72008C8A50 /* VerilerSwiftUIApp.swift */ = {isa = PBXFileReference; lastKnownFileType = sourcecode.swift; path = VerilerSwiftUIApp.swift; sourceTree = "<group>"; };
		A935DE802BE66C72008C8A50 /* ContentView.swift */ = {isa = PBXFileReference; lastKnownFileType = sourcecode.swift; path = ContentView.swift; sourceTree = "<group>"; };
		A935DE822BE66C75008C8A50 /* Assets.xcassets */ = {isa = PBXFileReference; lastKnownFileType = folder.assetcatalog; path = Assets.xcassets; sourceTree = "<group>"; };
		A935DE852BE66C75008C8A50 /* Preview Assets.xcassets */ = {isa = PBXFileReference; lastKnownFileType = folder.assetcatalog; path = "Preview Assets.xcassets"; sourceTree = "<group>"; };
/* End PBXFileReference section */

/* Begin PBXFrameworksBuildPhase section */
		A935DE782BE66C72008C8A50 /* Frameworks */ = {
			isa = PBXFrameworksBuildPhase;
			buildActionMask = 2147483647;
			files = (
			);
			runOnlyForDeploymentPostprocessing = 0;
		};
/* End PBXFrameworksBuildPhase section */

/* Begin PBXGroup section */
		A935DE722BE66C72008C8A50 = {
			isa = PBXGroup;
			children = (
				A935DE7D2BE66C72008C8A50 /* VerilerSwiftUI */,
				A935DE7C2BE66C72008C8A50 /* Products */,
			);
			sourceTree = "<group>";
		};
		A935DE7C2BE66C72008C8A50 /* Products */ = {
			isa = PBXGroup;
			children = (
				A935DE7B2BE66C72008C8A50 /* VerilerSwiftUI.app */,
			);
			name = Products;
			sourceTree = "<group>";
		};
		A935DE7D2BE66C72008C8A50 /* VerilerSwiftUI */ = {
			isa = PBXGroup;
			children = (
				A935DE7E2BE66C72008C8A50 /* VerilerSwiftUIApp.swift */,
				A935DE802BE66C72008C8A50 /* ContentView.swift */,
				A935DE822BE66C75008C8A50 /* Assets.xcassets */,
				A935DE842BE66C75008C8A50 /* Preview Content */,
				A90ABA9A2C183087000131DC /* BirinciView.swift */,
				A90ABA9E2C1835B0000131DC /* IkinciView.swift */,
				A90ABAA02C18397B000131DC /* YapilacakModeli.swift */,
				A90ABAA22C183C76000131DC /* YapilacakView.swift */,
				A90ABAA42C183DAD000131DC /* DetayView.swift */,
				A90ABAA62C1853C4000131DC /* YapildiButtonu.swift */,
			);
			path = VerilerSwiftUI;
			sourceTree = "<group>";
		};
		A935DE842BE66C75008C8A50 /* Preview Content */ = {
			isa = PBXGroup;
			children = (
				A935DE852BE66C75008C8A50 /* Preview Assets.xcassets */,
			);
			path = "Preview Content";
			sourceTree = "<group>";
		};
/* End PBXGroup section */

/* Begin PBXNativeTarget section */
		A935DE7A2BE66C72008C8A50 /* VerilerSwiftUI */ = {
			isa = PBXNativeTarget;
			buildConfigurationList = A935DE892BE66C75008C8A50 /* Build configuration list for PBXNativeTarget "VerilerSwiftUI" */;
			buildPhases = (
				A935DE772BE66C72008C8A50 /* Sources */,
				A935DE782BE66C72008C8A50 /* Frameworks */,
				A935DE792BE66C72008C8A50 /* Resources */,
			);
			buildRules = (
			);
			dependencies = (
			);
			name = VerilerSwiftUI;
			productName = VerilerSwiftUI;
			productReference = A935DE7B2BE66C72008C8A50 /* VerilerSwiftUI.app */;
			productType = "com.apple.product-type.application";
		};
/* End PBXNativeTarget section */

/* Begin PBXProject section */
		A935DE732BE66C72008C8A50 /* Project object */ = {
			isa = PBXProject;
			attributes = {
				BuildIndependentTargetsInParallel = 1;
				LastSwiftUpdateCheck = 1520;
				LastUpgradeCheck = 1520;
				TargetAttributes = {
					A935DE7A2BE66C72008C8A50 = {
						CreatedOnToolsVersion = 15.2;
					};
				};
			};
			buildConfigurationList = A935DE762BE66C72008C8A50 /* Build configuration list for PBXProject "VerilerSwiftUI" */;
			compatibilityVersion = "Xcode 14.0";
			developmentRegion = en;
			hasScannedForEncodings = 0;
			knownRegions = (
				en,
				Base,
			);
			mainGroup = A935DE722BE66C72008C8A50;
			productRefGroup = A935DE7C2BE66C72008C8A50 /* Products */;
			projectDirPath = "";
			projectRoot = "";
			targets = (
				A935DE7A2BE66C72008C8A50 /* VerilerSwiftUI */,
			);
		};
/* End PBXProject section */

/* Begin PBXResourcesBuildPhase section */
		A935DE792BE66C72008C8A50 /* Resources */ = {
			isa = PBXResourcesBuildPhase;
			buildActionMask = 2147483647;
			files = (
				A935DE862BE66C75008C8A50 /* Preview Assets.xcassets in Resources */,
				A935DE832BE66C75008C8A50 /* Assets.xcassets in Resources */,
			);
			runOnlyForDeploymentPostprocessing = 0;
		};
/* End PBXResourcesBuildPhase section */

/* Begin PBXSourcesBuildPhase section */
		A935DE772BE66C72008C8A50 /* Sources */ = {
			isa = PBXSourcesBuildPhase;
			buildActionMask = 2147483647;
			files = (
				A935DE812BE66C72008C8A50 /* ContentView.swift in Sources */,
				A90ABA9F2C1835B0000131DC /* IkinciView.swift in Sources */,
				A90ABAA32C183C76000131DC /* YapilacakView.swift in Sources */,
				A90ABAA12C18397B000131DC /* YapilacakModeli.swift in Sources */,
				A90ABAA72C1853C4000131DC /* YapildiButtonu.swift in Sources */,
				A935DE7F2BE66C72008C8A50 /* VerilerSwiftUIApp.swift in Sources */,
				A90ABAA52C183DAD000131DC /* DetayView.swift in Sources */,
				A90ABA9B2C183087000131DC /* BirinciView.swift in Sources */,
			);
			runOnlyForDeploymentPostprocessing = 0;
		};
/* End PBXSourcesBuildPhase section */

/* Begin XCBuildConfiguration section */
		A935DE872BE66C75008C8A50 /* Debug */ = {
			isa = XCBuildConfiguration;
			buildSettings = {
				ALWAYS_SEARCH_USER_PATHS = NO;
				ASSETCATALOG_COMPILER_GENERATE_SWIFT_ASSET_SYMBOL_EXTENSIONS = YES;
				CLANG_ANALYZER_NONNULL = YES;
				CLANG_ANALYZER_NUMBER_OBJECT_CONVERSION = YES_AGGRESSIVE;
				CLANG_CXX_LANGUAGE_STANDARD = "gnu++20";
				CLANG_ENABLE_MODULES = YES;
				CLANG_ENABLE_OBJC_ARC = YES;
				CLANG_ENABLE_OBJC_WEAK = YES;
				CLANG_WARN_BLOCK_CAPTURE_AUTORELEASING = YES;
				CLANG_WARN_BOOL_CONVERSION = YES;
				CLANG_WARN_COMMA = YES;
				CLANG_WARN_CONSTANT_CONVERSION = YES;
				CLANG_WARN_DEPRECATED_OBJC_IMPLEMENTATIONS = YES;
				CLANG_WARN_DIRECT_OBJC_ISA_USAGE = YES_ERROR;
				CLANG_WARN_DOCUMENTATION_COMMENTS = YES;
				CLANG_WARN_EMPTY_BODY = YES;
				CLANG_WARN_ENUM_CONVERSION = YES;
				CLANG_WARN_INFINITE_RECURSION = YES;
				CLANG_WARN_INT_CONVERSION = YES;
				CLANG_WARN_NON_LITERAL_NULL_CONVERSION = YES;
				CLANG_WARN_OBJC_IMPLICIT_RETAIN_SELF = YES;
				CLANG_WARN_OBJC_LITERAL_CONVERSION = YES;
				CLANG_WARN_OBJC_ROOT_CLASS = YES_ERROR;
				CLANG_WARN_QUOTED_INCLUDE_IN_FRAMEWORK_HEADER = YES;
				CLANG_WARN_RANGE_LOOP_ANALYSIS = YES;
				CLANG_WARN_STRICT_PROTOTYPES = YES;
				CLANG_WARN_SUSPICIOUS_MOVE = YES;
				CLANG_WARN_UNGUARDED_AVAILABILITY = YES_AGGRESSIVE;
				CLANG_WARN_UNREACHABLE_CODE = YES;
				CLANG_WARN__DUPLICATE_METHOD_MATCH = YES;
				COPY_PHASE_STRIP = NO;
				DEBUG_INFORMATION_FORMAT = dwarf;
				ENABLE_STRICT_OBJC_MSGSEND = YES;
				ENABLE_TESTABILITY = YES;
				ENABLE_USER_SCRIPT_SANDBOXING = YES;
				GCC_C_LANGUAGE_STANDARD = gnu17;
				GCC_DYNAMIC_NO_PIC = NO;
				GCC_NO_COMMON_BLOCKS = YES;
				GCC_OPTIMIZATION_LEVEL = 0;
				GCC_PREPROCESSOR_DEFINITIONS = (
					"DEBUG=1",
					"$(inherited)",
				);
				GCC_WARN_64_TO_32_BIT_CONVERSION = YES;
				GCC_WARN_ABOUT_RETURN_TYPE = YES_ERROR;
				GCC_WARN_UNDECLARED_SELECTOR = YES;
				GCC_WARN_UNINITIALIZED_AUTOS = YES_AGGRESSIVE;
				GCC_WARN_UNUSED_FUNCTION = YES;
				GCC_WARN_UNUSED_VARIABLE = YES;
				IPHONEOS_DEPLOYMENT_TARGET = 17.2;
				LOCALIZATION_PREFERS_STRING_CATALOGS = YES;
				MTL_ENABLE_DEBUG_INFO = INCLUDE_SOURCE;
				MTL_FAST_MATH = YES;
				ONLY_ACTIVE_ARCH = YES;
				SDKROOT = iphoneos;
				SWIFT_ACTIVE_COMPILATION_CONDITIONS = "DEBUG $(inherited)";
				SWIFT_OPTIMIZATION_LEVEL = "-Onone";
			};
			name = Debug;
		};
		A935DE882BE66C75008C8A50 /* Release */ = {
			isa = XCBuildConfiguration;
			buildSettings = {
				ALWAYS_SEARCH_USER_PATHS = NO;
				ASSETCATALOG_COMPILER_GENERATE_SWIFT_ASSET_SYMBOL_EXTENSIONS = YES;
				CLANG_ANALYZER_NONNULL = YES;
				CLANG_ANALYZER_NUMBER_OBJECT_CONVERSION = YES_AGGRESSIVE;
				CLANG_CXX_LANGUAGE_STANDARD = "gnu++20";
				CLANG_ENABLE_MODULES = YES;
				CLANG_ENABLE_OBJC_ARC = YES;
				CLANG_ENABLE_OBJC_WEAK = YES;
				CLANG_WARN_BLOCK_CAPTURE_AUTORELEASING = YES;
				CLANG_WARN_BOOL_CONVERSION = YES;
				CLANG_WARN_COMMA = YES;
				CLANG_WARN_CONSTANT_CONVERSION = YES;
				CLANG_WARN_DEPRECATED_OBJC_IMPLEMENTATIONS = YES;
				CLANG_WARN_DIRECT_OBJC_ISA_USAGE = YES_ERROR;
				CLANG_WARN_DOCUMENTATION_COMMENTS = YES;
				CLANG_WARN_EMPTY_BODY = YES;
				CLANG_WARN_ENUM_CONVERSION = YES;
				CLANG_WARN_INFINITE_RECURSION = YES;
				CLANG_WARN_INT_CONVERSION = YES;
				CLANG_WARN_NON_LITERAL_NULL_CONVERSION = YES;
				CLANG_WARN_OBJC_IMPLICIT_RETAIN_SELF = YES;
				CLANG_WARN_OBJC_LITERAL_CONVERSION = YES;
				CLANG_WARN_OBJC_ROOT_CLASS = YES_ERROR;
				CLANG_WARN_QUOTED_INCLUDE_IN_FRAMEWORK_HEADER = YES;
				CLANG_WARN_RANGE_LOOP_ANALYSIS = YES;
				CLANG_WARN_STRICT_PROTOTYPES = YES;
				CLANG_WARN_SUSPICIOUS_MOVE = YES;
				CLANG_WARN_UNGUARDED_AVAILABILITY = YES_AGGRESSIVE;
				CLANG_WARN_UNREACHABLE_CODE = YES;
				CLANG_WARN__DUPLICATE_METHOD_MATCH = YES;
				COPY_PHASE_STRIP = NO;
				DEBUG_INFORMATION_FORMAT = "dwarf-with-dsym";
				ENABLE_NS_ASSERTIONS = NO;
				ENABLE_STRICT_OBJC_MSGSEND = YES;
				ENABLE_USER_SCRIPT_SANDBOXING = YES;
				GCC_C_LANGUAGE_STANDARD = gnu17;
				GCC_NO_COMMON_BLOCKS = YES;
				GCC_WARN_64_TO_32_BIT_CONVERSION = YES;
				GCC_WARN_ABOUT_RETURN_TYPE = YES_ERROR;
				GCC_WARN_UNDECLARED_SELECTOR = YES;
				GCC_WARN_UNINITIALIZED_AUTOS = YES_AGGRESSIVE;
				GCC_WARN_UNUSED_FUNCTION = YES;
				GCC_WARN_UNUSED_VARIABLE = YES;
				IPHONEOS_DEPLOYMENT_TARGET = 17.2;
				LOCALIZATION_PREFERS_STRING_CATALOGS = YES;
				MTL_ENABLE_DEBUG_INFO = NO;
				MTL_FAST_MATH = YES;
				SDKROOT = iphoneos;
				SWIFT_COMPILATION_MODE = wholemodule;
				VALIDATE_PRODUCT = YES;
			};
			name = Release;
		};
		A935DE8A2BE66C75008C8A50 /* Debug */ = {
			isa = XCBuildConfiguration;
			buildSettings = {
				ASSETCATALOG_COMPILER_APPICON_NAME = AppIcon;
				ASSETCATALOG_COMPILER_GLOBAL_ACCENT_COLOR_NAME = AccentColor;
				CODE_SIGN_STYLE = Automatic;
				CURRENT_PROJECT_VERSION = 1;
				DEVELOPMENT_ASSET_PATHS = "\"VerilerSwiftUI/Preview Content\"";
				DEVELOPMENT_TEAM = 992MR6GDH5;
				ENABLE_PREVIEWS = YES;
				GENERATE_INFOPLIST_FILE = YES;
				INFOPLIST_KEY_UIApplicationSceneManifest_Generation = YES;
				INFOPLIST_KEY_UIApplicationSupportsIndirectInputEvents = YES;
				INFOPLIST_KEY_UILaunchScreen_Generation = YES;
				INFOPLIST_KEY_UISupportedInterfaceOrientations_iPad = "UIInterfaceOrientationPortrait UIInterfaceOrientationPortraitUpsideDown UIInterfaceOrientationLandscapeLeft UIInterfaceOrientationLandscapeRight";
				INFOPLIST_KEY_UISupportedInterfaceOrientations_iPhone = "UIInterfaceOrientationPortrait UIInterfaceOrientationLandscapeLeft UIInterfaceOrientationLandscapeRight";
				LD_RUNPATH_SEARCH_PATHS = (
					"$(inherited)",
					"@executable_path/Frameworks",
				);
				MARKETING_VERSION = 1.0;
				PRODUCT_BUNDLE_IDENTIFIER = com.sevvalmertoglu.VerilerSwiftUI;
				PRODUCT_NAME = "$(TARGET_NAME)";
				SWIFT_EMIT_LOC_STRINGS = YES;
				SWIFT_VERSION = 5.0;
				TARGETED_DEVICE_FAMILY = "1,2";
			};
			name = Debug;
		};
		A935DE8B2BE66C75008C8A50 /* Release */ = {
			isa = XCBuildConfiguration;
			buildSettings = {
				ASSETCATALOG_COMPILER_APPICON_NAME = AppIcon;
				ASSETCATALOG_COMPILER_GLOBAL_ACCENT_COLOR_NAME = AccentColor;
				CODE_SIGN_STYLE = Automatic;
				CURRENT_PROJECT_VERSION = 1;
				DEVELOPMENT_ASSET_PATHS = "\"VerilerSwiftUI/Preview Content\"";
				DEVELOPMENT_TEAM = 992MR6GDH5;
				ENABLE_PREVIEWS = YES;
				GENERATE_INFOPLIST_FILE = YES;
				INFOPLIST_KEY_UIApplicationSceneManifest_Generation = YES;
				INFOPLIST_KEY_UIApplicationSupportsIndirectInputEvents = YES;
				INFOPLIST_KEY_UILaunchScreen_Generation = YES;
				INFOPLIST_KEY_UISupportedInterfaceOrientations_iPad = "UIInterfaceOrientationPortrait UIInterfaceOrientationPortraitUpsideDown UIInterfaceOrientationLandscapeLeft UIInterfaceOrientationLandscapeRight";
				INFOPLIST_KEY_UISupportedInterfaceOrientations_iPhone = "UIInterfaceOrientationPortrait UIInterfaceOrientationLandscapeLeft UIInterfaceOrientationLandscapeRight";
				LD_RUNPATH_SEARCH_PATHS = (
					"$(inherited)",
					"@executable_path/Frameworks",
				);
				MARKETING_VERSION = 1.0;
				PRODUCT_BUNDLE_IDENTIFIER = com.sevvalmertoglu.VerilerSwiftUI;
				PRODUCT_NAME = "$(TARGET_NAME)";
				SWIFT_EMIT_LOC_STRINGS = YES;
				SWIFT_VERSION = 5.0;
				TARGETED_DEVICE_FAMILY = "1,2";
			};
			name = Release;
		};
/* End XCBuildConfiguration section */

/* Begin XCConfigurationList section */
		A935DE762BE66C72008C8A50 /* Build configuration list for PBXProject "VerilerSwiftUI" */ = {
			isa = XCConfigurationList;
			buildConfigurations = (
				A935DE872BE66C75008C8A50 /* Debug */,
				A935DE882BE66C75008C8A50 /* Release */,
			);
			defaultConfigurationIsVisible = 0;
			defaultConfigurationName = Release;
		};
		A935DE892BE66C75008C8A50 /* Build configuration list for PBXNativeTarget "VerilerSwiftUI" */ = {
			isa = XCConfigurationList;
			buildConfigurations = (
				A935DE8A2BE66C75008C8A50 /* Debug */,
				A935DE8B2BE66C75008C8A50 /* Release */,
			);
			defaultConfigurationIsVisible = 0;
			defaultConfigurationName = Release;
		};
/* End XCConfigurationList section */
	};
	rootObject = A935DE732BE66C72008C8A50 /* Project object */;
}
